
Microsoft Visual Studio Solution File, Format Version 12.00
# Visual Studio 15
VisualStudioVersion = 15.0.26124.0
MinimumVisualStudioVersion = 15.0.26124.0
Project("{FAE04EC0-301F-11D3-BF4B-00C04F79EFBC}") = "webapi", "webapi\webapi.csproj", "{9C33656A-B5FA-470C-B0A4-964EA86B040B}"
EndProject
Project("{FAE04EC0-301F-11D3-BF4B-00C04F79EFBC}") = "modules", "modules\modules.csproj", "{716A34D4-2CD5-440A-9097-3D2631C6B382}"
EndProject
Project("{FAE04EC0-301F-11D3-BF4B-00C04F79EFBC}") = "common", "common\common.csproj", "{346F5813-1E24-484B-A5DB-DE58459013D6}"
EndProject
Global
	GlobalSection(SolutionConfigurationPlatforms) = preSolution
		Debug|Any CPU = Debug|Any CPU
		Debug|x64 = Debug|x64
		Debug|x86 = Debug|x86
		Release|Any CPU = Release|Any CPU
		Release|x64 = Release|x64
		Release|x86 = Release|x86
	EndGlobalSection
	GlobalSection(SolutionProperties) = preSolution
		HideSolutionNode = FALSE
	EndGlobalSection
	GlobalSection(ProjectConfigurationPlatforms) = postSolution
		{9C33656A-B5FA-470C-B0A4-964EA86B040B}.Debug|Any CPU.ActiveCfg = Debug|Any CPU
		{9C33656A-B5FA-470C-B0A4-964EA86B040B}.Debug|Any CPU.Build.0 = Debug|Any CPU
		{9C33656A-B5FA-470C-B0A4-964EA86B040B}.Debug|x64.ActiveCfg = Debug|x64
		{9C33656A-B5FA-470C-B0A4-964EA86B040B}.Debug|x64.Build.0 = Debug|x64
		{9C33656A-B5FA-470C-B0A4-964EA86B040B}.Debug|x86.ActiveCfg = Debug|x86
		{9C33656A-B5FA-470C-B0A4-964EA86B040B}.Debug|x86.Build.0 = Debug|x86
		{9C33656A-B5FA-470C-B0A4-964EA86B040B}.Release|Any CPU.ActiveCfg = Release|Any CPU
		{9C33656A-B5FA-470C-B0A4-964EA86B040B}.Release|Any CPU.Build.0 = Release|Any CPU
		{9C33656A-B5FA-470C-B0A4-964EA86B040B}.Release|x64.ActiveCfg = Release|x64
		{9C33656A-B5FA-470C-B0A4-964EA86B040B}.Release|x64.Build.0 = Release|x64
		{9C33656A-B5FA-470C-B0A4-964EA86B040B}.Release|x86.ActiveCfg = Release|x86
		{9C33656A-B5FA-470C-B0A4-964EA86B040B}.Release|x86.Build.0 = Release|x86
		{716A34D4-2CD5-440A-9097-3D2631C6B382}.Debug|Any CPU.ActiveCfg = Debug|Any CPU
		{716A34D4-2CD5-440A-9097-3D2631C6B382}.Debug|Any CPU.Build.0 = Debug|Any CPU
		{716A34D4-2CD5-440A-9097-3D2631C6B382}.Debug|x64.ActiveCfg = Debug|x64
		{716A34D4-2CD5-440A-9097-3D2631C6B382}.Debug|x64.Build.0 = Debug|x64
		{716A34D4-2CD5-440A-9097-3D2631C6B382}.Debug|x86.ActiveCfg = Debug|x86
		{716A34D4-2CD5-440A-9097-3D2631C6B382}.Debug|x86.Build.0 = Debug|x86
		{716A34D4-2CD5-440A-9097-3D2631C6B382}.Release|Any CPU.ActiveCfg = Release|Any CPU
		{716A34D4-2CD5-440A-9097-3D2631C6B382}.Release|Any CPU.Build.0 = Release|Any CPU
		{716A34D4-2CD5-440A-9097-3D2631C6B382}.Release|x64.ActiveCfg = Release|x64
		{716A34D4-2CD5-440A-9097-3D2631C6B382}.Release|x64.Build.0 = Release|x64
		{716A34D4-2CD5-440A-9097-3D2631C6B382}.Release|x86.ActiveCfg = Release|x86
		{716A34D4-2CD5-440A-9097-3D2631C6B382}.Release|x86.Build.0 = Release|x86
		{346F5813-1E24-484B-A5DB-DE58459013D6}.Debug|Any CPU.ActiveCfg = Debug|Any CPU
		{346F5813-1E24-484B-A5DB-DE58459013D6}.Debug|Any CPU.Build.0 = Debug|Any CPU
		{346F5813-1E24-484B-A5DB-DE58459013D6}.Debug|x64.ActiveCfg = Debug|x64
		{346F5813-1E24-484B-A5DB-DE58459013D6}.Debug|x64.Build.0 = Debug|x64
		{346F5813-1E24-484B-A5DB-DE58459013D6}.Debug|x86.ActiveCfg = Debug|x86
		{346F5813-1E24-484B-A5DB-DE58459013D6}.Debug|x86.Build.0 = Debug|x86
		{346F5813-1E24-484B-A5DB-DE58459013D6}.Release|Any CPU.ActiveCfg = Release|Any CPU
		{346F5813-1E24-484B-A5DB-DE58459013D6}.Release|Any CPU.Build.0 = Release|Any CPU
		{346F5813-1E24-484B-A5DB-DE58459013D6}.Release|x64.ActiveCfg = Release|x64
		{346F5813-1E24-484B-A5DB-DE58459013D6}.Release|x64.Build.0 = Release|x64
		{346F5813-1E24-484B-A5DB-DE58459013D6}.Release|x86.ActiveCfg = Release|x86
		{346F5813-1E24-484B-A5DB-DE58459013D6}.Release|x86.Build.0 = Release|x86
	EndGlobalSection
EndGlobal
